
Microsoft Visual Studio Solution File, Format Version 12.00
# Visual Studio Version 17
VisualStudioVersion = 17.4.33110.190
MinimumVisualStudioVersion = 10.0.40219.1
Project("{9A19103F-16F7-4668-BE54-9A1E7A4F7556}") = "RT09QT_HFT_2022231.Client", "RT09QT_HFT_2022231\RT09QT_HFT_2022231.Client.csproj", "{DA956E63-3DD4-46E4-B57E-B494219A4DB1}"
EndProject
Project("{9A19103F-16F7-4668-BE54-9A1E7A4F7556}") = "RT09QT_HFT_2022231.Models", "RT09QT_HFT_2022231.Models\RT09QT_HFT_2022231.Models.csproj", "{93E78237-D4A2-4DD6-B835-E0C20FA54DA0}"
EndProject
Project("{9A19103F-16F7-4668-BE54-9A1E7A4F7556}") = "RT09QT_HFT_2022231.Logic", "RT09QT_HFT_2022231.Logic\RT09QT_HFT_2022231.Logic.csproj", "{899F0432-B064-49DD-996A-BAC0B011BCBD}"
EndProject
Project("{9A19103F-16F7-4668-BE54-9A1E7A4F7556}") = "RT09QT_HFT_2022231.Repository", "RT09QT_HFT_2022231.Repository\RT09QT_HFT_2022231.Repository.csproj", "{3466E7F3-A58C-4D58-8E42-A443802A27B5}"
EndProject
Project("{9A19103F-16F7-4668-BE54-9A1E7A4F7556}") = "RT09QT_HFT_2022231.Test", "RT09QT_HFT_2022231.Test\RT09QT_HFT_2022231.Test.csproj", "{4A61516B-B72B-43CF-BAA2-15F6608C2649}"
EndProject
Project("{2150E333-8FDC-42A3-9474-1A3956D46DE8}") = "Backend", "Backend", "{EF970D02-B1E4-4128-9787-A03714A1A254}"
EndProject
Project("{2150E333-8FDC-42A3-9474-1A3956D46DE8}") = "Frontend", "Frontend", "{83B96661-32A1-444D-916B-FEF3B32E7EFE}"
EndProject
Project("{2150E333-8FDC-42A3-9474-1A3956D46DE8}") = "Shared", "Shared", "{94FD2C23-AD87-4F58-A0E8-E0E5C9D8D36C}"
EndProject
Project("{FAE04EC0-301F-11D3-BF4B-00C04F79EFBC}") = "RT09QT_HFT_2022231.Endpoint", "RT09QT_HFT_2022231.Endpoint\RT09QT_HFT_2022231.Endpoint.csproj", "{B74E8085-8AB4-4FDB-B297-046E4DCA05A7}"
EndProject
Global
	GlobalSection(SolutionConfigurationPlatforms) = preSolution
		Debug|Any CPU = Debug|Any CPU
		Release|Any CPU = Release|Any CPU
	EndGlobalSection
	GlobalSection(ProjectConfigurationPlatforms) = postSolution
		{DA956E63-3DD4-46E4-B57E-B494219A4DB1}.Debug|Any CPU.ActiveCfg = Debug|Any CPU
		{DA956E63-3DD4-46E4-B57E-B494219A4DB1}.Debug|Any CPU.Build.0 = Debug|Any CPU
		{DA956E63-3DD4-46E4-B57E-B494219A4DB1}.Release|Any CPU.ActiveCfg = Release|Any CPU
		{DA956E63-3DD4-46E4-B57E-B494219A4DB1}.Release|Any CPU.Build.0 = Release|Any CPU
		{93E78237-D4A2-4DD6-B835-E0C20FA54DA0}.Debug|Any CPU.ActiveCfg = Debug|Any CPU
		{93E78237-D4A2-4DD6-B835-E0C20FA54DA0}.Debug|Any CPU.Build.0 = Debug|Any CPU
		{93E78237-D4A2-4DD6-B835-E0C20FA54DA0}.Release|Any CPU.ActiveCfg = Release|Any CPU
		{93E78237-D4A2-4DD6-B835-E0C20FA54DA0}.Release|Any CPU.Build.0 = Release|Any CPU
		{899F0432-B064-49DD-996A-BAC0B011BCBD}.Debug|Any CPU.ActiveCfg = Debug|Any CPU
		{899F0432-B064-49DD-996A-BAC0B011BCBD}.Debug|Any CPU.Build.0 = Debug|Any CPU
		{899F0432-B064-49DD-996A-BAC0B011BCBD}.Release|Any CPU.ActiveCfg = Release|Any CPU
		{899F0432-B064-49DD-996A-BAC0B011BCBD}.Release|Any CPU.Build.0 = Release|Any CPU
		{3466E7F3-A58C-4D58-8E42-A443802A27B5}.Debug|Any CPU.ActiveCfg = Debug|Any CPU
		{3466E7F3-A58C-4D58-8E42-A443802A27B5}.Debug|Any CPU.Build.0 = Debug|Any CPU
		{3466E7F3-A58C-4D58-8E42-A443802A27B5}.Release|Any CPU.ActiveCfg = Release|Any CPU
		{3466E7F3-A58C-4D58-8E42-A443802A27B5}.Release|Any CPU.Build.0 = Release|Any CPU
		{4A61516B-B72B-43CF-BAA2-15F6608C2649}.Debug|Any CPU.ActiveCfg = Debug|Any CPU
		{4A61516B-B72B-43CF-BAA2-15F6608C2649}.Debug|Any CPU.Build.0 = Debug|Any CPU
		{4A61516B-B72B-43CF-BAA2-15F6608C2649}.Release|Any CPU.ActiveCfg = Release|Any CPU
		{4A61516B-B72B-43CF-BAA2-15F6608C2649}.Release|Any CPU.Build.0 = Release|Any CPU
		{B74E8085-8AB4-4FDB-B297-046E4DCA05A7}.Debug|Any CPU.ActiveCfg = Debug|Any CPU
		{B74E8085-8AB4-4FDB-B297-046E4DCA05A7}.Debug|Any CPU.Build.0 = Debug|Any CPU
		{B74E8085-8AB4-4FDB-B297-046E4DCA05A7}.Release|Any CPU.ActiveCfg = Release|Any CPU
		{B74E8085-8AB4-4FDB-B297-046E4DCA05A7}.Release|Any CPU.Build.0 = Release|Any CPU
	EndGlobalSection
	GlobalSection(SolutionProperties) = preSolution
		HideSolutionNode = FALSE
	EndGlobalSection
	GlobalSection(NestedProjects) = preSolution
		{DA956E63-3DD4-46E4-B57E-B494219A4DB1} = {83B96661-32A1-444D-916B-FEF3B32E7EFE}
		{93E78237-D4A2-4DD6-B835-E0C20FA54DA0} = {94FD2C23-AD87-4F58-A0E8-E0E5C9D8D36C}
		{899F0432-B064-49DD-996A-BAC0B011BCBD} = {EF970D02-B1E4-4128-9787-A03714A1A254}
		{3466E7F3-A58C-4D58-8E42-A443802A27B5} = {EF970D02-B1E4-4128-9787-A03714A1A254}
		{4A61516B-B72B-43CF-BAA2-15F6608C2649} = {EF970D02-B1E4-4128-9787-A03714A1A254}
		{B74E8085-8AB4-4FDB-B297-046E4DCA05A7} = {EF970D02-B1E4-4128-9787-A03714A1A254}
	EndGlobalSection
	GlobalSection(ExtensibilityGlobals) = postSolution
		SolutionGuid = {FC183AA8-C4DA-4B6A-BC10-70162A2C3824}
	EndGlobalSection
EndGlobal
